// !$*UTF8*$!
{
	archiveVersion = 1;
	classes = {
	};
	objectVersion = 46;
	objects = {

/* Begin PBXBuildFile section */
		FC6DB7381F16D6EB00DCFDD5 /* main.cpp in Sources */ = {isa = PBXBuildFile; fileRef = FC6DB7371F16D6EB00DCFDD5 /* main.cpp */; };
		FC6DB73A1F16D71100DCFDD5 /* Makefile in Sources */ = {isa = PBXBuildFile; fileRef = FC6DB7391F16D71100DCFDD5 /* Makefile */; };
		FCE6C6441F0FD8AC00EE50DE /* libz.tbd in Frameworks */ = {isa = PBXBuildFile; fileRef = FCE6C6431F0FD8AC00EE50DE /* libz.tbd */; };
/* End PBXBuildFile section */

/* Begin PBXCopyFilesBuildPhase section */
		FCE6C6361F0FD04B00EE50DE /* CopyFiles */ = {
			isa = PBXCopyFilesBuildPhase;
			buildActionMask = 2147483647;
			dstPath = /usr/share/man/man1/;
			dstSubfolderSpec = 0;
			files = (
			);
			runOnlyForDeploymentPostprocessing = 1;
		};
/* End PBXCopyFilesBuildPhase section */

/* Begin PBXFileReference section */
		FC6DB7371F16D6EB00DCFDD5 /* main.cpp */ = {isa = PBXFileReference; fileEncoding = 4; lastKnownFileType = sourcecode.cpp.cpp; name = main.cpp; path = src/main.cpp; sourceTree = SOURCE_ROOT; };
		FC6DB7391F16D71100DCFDD5 /* Makefile */ = {isa = PBXFileReference; fileEncoding = 4; lastKnownFileType = sourcecode.make; path = Makefile; sourceTree = SOURCE_ROOT; };
		FCE6C6381F0FD04B00EE50DE /* distmat */ = {isa = PBXFileReference; explicitFileType = "compiled.mach-o.executable"; includeInIndex = 0; path = distmat; sourceTree = BUILT_PRODUCTS_DIR; };
		FCE6C6431F0FD8AC00EE50DE /* libz.tbd */ = {isa = PBXFileReference; lastKnownFileType = "sourcecode.text-based-dylib-definition"; name = libz.tbd; path = usr/lib/libz.tbd; sourceTree = SDKROOT; };
/* End PBXFileReference section */

/* Begin PBXFrameworksBuildPhase section */
		FCE6C6351F0FD04B00EE50DE /* Frameworks */ = {
			isa = PBXFrameworksBuildPhase;
			buildActionMask = 2147483647;
			files = (
				FCE6C6441F0FD8AC00EE50DE /* libz.tbd in Frameworks */,
			);
			runOnlyForDeploymentPostprocessing = 0;
		};
/* End PBXFrameworksBuildPhase section */

/* Begin PBXGroup section */
		FCE6C62F1F0FD04B00EE50DE = {
			isa = PBXGroup;
			children = (
				FCE6C63A1F0FD04B00EE50DE /* distmat */,
				FCE6C6391F0FD04B00EE50DE /* Products */,
				FCE6C6421F0FD8AC00EE50DE /* Frameworks */,
			);
			sourceTree = "<group>";
		};
		FCE6C6391F0FD04B00EE50DE /* Products */ = {
			isa = PBXGroup;
			children = (
				FCE6C6381F0FD04B00EE50DE /* distmat */,
			);
			name = Products;
			sourceTree = "<group>";
		};
		FCE6C63A1F0FD04B00EE50DE /* distmat */ = {
			isa = PBXGroup;
			children = (
				FC6DB7391F16D71100DCFDD5 /* Makefile */,
				FC6DB7371F16D6EB00DCFDD5 /* main.cpp */,
			);
			path = distmat;
			sourceTree = "<group>";
		};
		FCE6C6421F0FD8AC00EE50DE /* Frameworks */ = {
			isa = PBXGroup;
			children = (
				FCE6C6431F0FD8AC00EE50DE /* libz.tbd */,
			);
			name = Frameworks;
			sourceTree = "<group>";
		};
/* End PBXGroup section */

/* Begin PBXNativeTarget section */
		FCE6C6371F0FD04B00EE50DE /* distmat */ = {
			isa = PBXNativeTarget;
			buildConfigurationList = FCE6C63F1F0FD04B00EE50DE /* Build configuration list for PBXNativeTarget "distmat" */;
			buildPhases = (
				FCE6C6341F0FD04B00EE50DE /* Sources */,
				FCE6C6351F0FD04B00EE50DE /* Frameworks */,
				FCE6C6361F0FD04B00EE50DE /* CopyFiles */,
			);
			buildRules = (
			);
			dependencies = (
			);
			name = distmat;
			productName = distmat;
			productReference = FCE6C6381F0FD04B00EE50DE /* distmat */;
			productType = "com.apple.product-type.tool";
		};
/* End PBXNativeTarget section */

/* Begin PBXProject section */
		FCE6C6301F0FD04B00EE50DE /* Project object */ = {
			isa = PBXProject;
			attributes = {
				LastUpgradeCheck = 0830;
				ORGANIZATIONNAME = "Karel Brinda";
				TargetAttributes = {
					FCE6C6371F0FD04B00EE50DE = {
						CreatedOnToolsVersion = 8.3.3;
						ProvisioningStyle = Automatic;
					};
				};
			};
			buildConfigurationList = FCE6C6331F0FD04B00EE50DE /* Build configuration list for PBXProject "distmat" */;
			compatibilityVersion = "Xcode 3.2";
			developmentRegion = English;
			hasScannedForEncodings = 0;
			knownRegions = (
				en,
			);
			mainGroup = FCE6C62F1F0FD04B00EE50DE;
			productRefGroup = FCE6C6391F0FD04B00EE50DE /* Products */;
			projectDirPath = "";
			projectRoot = "";
			targets = (
				FCE6C6371F0FD04B00EE50DE /* distmat */,
			);
		};
/* End PBXProject section */

/* Begin PBXSourcesBuildPhase section */
		FCE6C6341F0FD04B00EE50DE /* Sources */ = {
			isa = PBXSourcesBuildPhase;
			buildActionMask = 2147483647;
			files = (
				FC6DB73A1F16D71100DCFDD5 /* Makefile in Sources */,
				FC6DB7381F16D6EB00DCFDD5 /* main.cpp in Sources */,
			);
			runOnlyForDeploymentPostprocessing = 0;
		};
/* End PBXSourcesBuildPhase section */

/* Begin XCBuildConfiguration section */
		FCE6C63D1F0FD04B00EE50DE /* Debug */ = {
			isa = XCBuildConfiguration;
			buildSettings = {
				ALWAYS_SEARCH_USER_PATHS = NO;
				CLANG_ANALYZER_NONNULL = YES;
				CLANG_ANALYZER_NUMBER_OBJECT_CONVERSION = YES_AGGRESSIVE;
				CLANG_CXX_LANGUAGE_STANDARD = "gnu++0x";
				CLANG_CXX_LIBRARY = "libc++";
				CLANG_ENABLE_MODULES = YES;
				CLANG_ENABLE_OBJC_ARC = YES;
				CLANG_WARN_BOOL_CONVERSION = YES;
				CLANG_WARN_CONSTANT_CONVERSION = YES;
				CLANG_WARN_DIRECT_OBJC_ISA_USAGE = YES_ERROR;
				CLANG_WARN_DOCUMENTATION_COMMENTS = YES;
				CLANG_WARN_EMPTY_BODY = YES;
				CLANG_WARN_ENUM_CONVERSION = YES;
				CLANG_WARN_INFINITE_RECURSION = YES;
				CLANG_WARN_INT_CONVERSION = YES;
				CLANG_WARN_OBJC_ROOT_CLASS = YES_ERROR;
				CLANG_WARN_SUSPICIOUS_MOVE = YES;
				CLANG_WARN_UNREACHABLE_CODE = YES;
				CLANG_WARN__DUPLICATE_METHOD_MATCH = YES;
				CODE_SIGN_IDENTITY = "-";
				COPY_PHASE_STRIP = NO;
				DEBUG_INFORMATION_FORMAT = dwarf;
				ENABLE_STRICT_OBJC_MSGSEND = YES;
				ENABLE_TESTABILITY = YES;
				GCC_C_LANGUAGE_STANDARD = gnu99;
				GCC_DYNAMIC_NO_PIC = NO;
				GCC_NO_COMMON_BLOCKS = YES;
				GCC_OPTIMIZATION_LEVEL = 0;
				GCC_PREPROCESSOR_DEFINITIONS = (
					"DEBUG=1",
					"$(inherited)",
				);
				GCC_WARN_64_TO_32_BIT_CONVERSION = YES;
				GCC_WARN_ABOUT_RETURN_TYPE = YES_ERROR;
				GCC_WARN_UNDECLARED_SELECTOR = YES;
				GCC_WARN_UNINITIALIZED_AUTOS = YES_AGGRESSIVE;
				GCC_WARN_UNUSED_FUNCTION = YES;
				GCC_WARN_UNUSED_VARIABLE = YES;
				MACOSX_DEPLOYMENT_TARGET = 10.12;
				MTL_ENABLE_DEBUG_INFO = YES;
				ONLY_ACTIVE_ARCH = YES;
				SDKROOT = macosx;
			};
			name = Debug;
		};
		FCE6C63E1F0FD04B00EE50DE /* Release */ = {
			isa = XCBuildConfiguration;
			buildSettings = {
				ALWAYS_SEARCH_USER_PATHS = NO;
				CLANG_ANALYZER_NONNULL = YES;
				CLANG_ANALYZER_NUMBER_OBJECT_CONVERSION = YES_AGGRESSIVE;
				CLANG_CXX_LANGUAGE_STANDARD = "gnu++0x";
				CLANG_CXX_LIBRARY = "libc++";
				CLANG_ENABLE_MODULES = YES;
				CLANG_ENABLE_OBJC_ARC = YES;
				CLANG_WARN_BOOL_CONVERSION = YES;
				CLANG_WARN_CONSTANT_CONVERSION = YES;
				CLANG_WARN_DIRECT_OBJC_ISA_USAGE = YES_ERROR;
				CLANG_WARN_DOCUMENTATION_COMMENTS = YES;
				CLANG_WARN_EMPTY_BODY = YES;
				CLANG_WARN_ENUM_CONVERSION = YES;
				CLANG_WARN_INFINITE_RECURSION = YES;
				CLANG_WARN_INT_CONVERSION = YES;
				CLANG_WARN_OBJC_ROOT_CLASS = YES_ERROR;
				CLANG_WARN_SUSPICIOUS_MOVE = YES;
				CLANG_WARN_UNREACHABLE_CODE = YES;
				CLANG_WARN__DUPLICATE_METHOD_MATCH = YES;
				CODE_SIGN_IDENTITY = "-";
				COPY_PHASE_STRIP = NO;
				DEBUG_INFORMATION_FORMAT = "dwarf-with-dsym";
				ENABLE_NS_ASSERTIONS = NO;
				ENABLE_STRICT_OBJC_MSGSEND = YES;
				GCC_C_LANGUAGE_STANDARD = gnu99;
				GCC_NO_COMMON_BLOCKS = YES;
				GCC_WARN_64_TO_32_BIT_CONVERSION = YES;
				GCC_WARN_ABOUT_RETURN_TYPE = YES_ERROR;
				GCC_WARN_UNDECLARED_SELECTOR = YES;
				GCC_WARN_UNINITIALIZED_AUTOS = YES_AGGRESSIVE;
				GCC_WARN_UNUSED_FUNCTION = YES;
				GCC_WARN_UNUSED_VARIABLE = YES;
				MACOSX_DEPLOYMENT_TARGET = 10.12;
				MTL_ENABLE_DEBUG_INFO = NO;
				SDKROOT = macosx;
			};
			name = Release;
		};
		FCE6C6401F0FD04B00EE50DE /* Debug */ = {
			isa = XCBuildConfiguration;
			buildSettings = {
				PRODUCT_NAME = "$(TARGET_NAME)";
			};
			name = Debug;
		};
		FCE6C6411F0FD04B00EE50DE /* Release */ = {
			isa = XCBuildConfiguration;
			buildSettings = {
				PRODUCT_NAME = "$(TARGET_NAME)";
			};
			name = Release;
		};
/* End XCBuildConfiguration section */

/* Begin XCConfigurationList section */
		FCE6C6331F0FD04B00EE50DE /* Build configuration list for PBXProject "distmat" */ = {
			isa = XCConfigurationList;
			buildConfigurations = (
				FCE6C63D1F0FD04B00EE50DE /* Debug */,
				FCE6C63E1F0FD04B00EE50DE /* Release */,
			);
			defaultConfigurationIsVisible = 0;
			defaultConfigurationName = Release;
		};
		FCE6C63F1F0FD04B00EE50DE /* Build configuration list for PBXNativeTarget "distmat" */ = {
			isa = XCConfigurationList;
			buildConfigurations = (
				FCE6C6401F0FD04B00EE50DE /* Debug */,
				FCE6C6411F0FD04B00EE50DE /* Release */,
			);
			defaultConfigurationIsVisible = 0;
			defaultConfigurationName = Release;
		};
/* End XCConfigurationList section */
	};
	rootObject = FCE6C6301F0FD04B00EE50DE /* Project object */;
}
